# This file was autogenerated by Stack.
# You should not edit this file by hand.
# For more information, please see the documentation at:
#   https://docs.haskellstack.org/en/stable/lock_files

packages:
- completed:
    hackage: hint-0.9.0@sha256:193913cbe68946606b6269126270579652ad62be8e673e7287325efd6918135a,2893
    pantry-tree:
      size: 1715
      sha256: 6526ab2b772ac5115b26a44894bba9ad88d8f88b8e0f0ce5c10138b0f0e5ba3a
  original:
    hackage: hint-0.9.0
- completed:
    hackage: uu-tc-2015.1.1@sha256:c41c7e3e07e169c82b0467a301fcda2002ea76903d779a7d18e62b68dde0e4cb,2090
    pantry-tree:
      size: 1050
      sha256: 3615ef96107554f410753c5f26ed6bf78ed15a62bbef93908eccfac1c0dc8658
  original:
    hackage: uu-tc-2015.1.1
- completed:
    hackage: extra-1.7.9@sha256:f1dec740f0f2025790c540732bfd52c556ec55bde4f5dfd7cf18e22bd44ff3d0,2683
    pantry-tree:
      size: 1896
      sha256: b55085710e438d198b3552b9eeba2199cd986e326c755a7449f7d171bcb7effc
  original:
    hackage: extra-1.7.9
snapshots:
- completed:
    size: 504553
    url: https://raw.githubusercontent.com/commercialhaskell/stackage-snapshots/master/lts/12/13.yaml
    sha256: 8bf2a28cdf049f056ec71c0e61a731ba9400c1f01ee15a73d815519d842437f2
  original: lts-12.13
